
Microsoft Visual Studio Solution File, Format Version 12.00
# Visual Studio Version 17
VisualStudioVersion = 17.2.32630.192
MinimumVisualStudioVersion = 10.0.40219.1
Project("{FAE04EC0-301F-11D3-BF4B-00C04F79EFBC}") = "WatchMovieWeb", "WatchMovieWeb\WatchMovieWeb.csproj", "{00FECA17-21BB-4ACA-BA6D-823254F40459}"
EndProject
Global
	GlobalSection(SolutionConfigurationPlatforms) = preSolution
		Debug|Any CPU = Debug|Any CPU
		Release|Any CPU = Release|Any CPU
	EndGlobalSection
	GlobalSection(ProjectConfigurationPlatforms) = postSolution
		{00FECA17-21BB-4ACA-BA6D-823254F40459}.Debug|Any CPU.ActiveCfg = Debug|Any CPU
		{00FECA17-21BB-4ACA-BA6D-823254F40459}.Debug|Any CPU.Build.0 = Debug|Any CPU
		{00FECA17-21BB-4ACA-BA6D-823254F40459}.Release|Any CPU.ActiveCfg = Release|Any CPU
		{00FECA17-21BB-4ACA-BA6D-823254F40459}.Release|Any CPU.Build.0 = Release|Any CPU
	EndGlobalSection
	GlobalSection(SolutionProperties) = preSolution
		HideSolutionNode = FALSE
	EndGlobalSection
	GlobalSection(ExtensibilityGlobals) = postSolution
		SolutionGuid = {8B276A3F-4EAC-4F58-A688-B0717D804392}
	EndGlobalSection
EndGlobal
